
Microsoft Visual Studio Solution File, Format Version 12.00
# Visual Studio Version 17
VisualStudioVersion = 17.1.32407.343
MinimumVisualStudioVersion = 10.0.40219.1
Project("{9A19103F-16F7-4668-BE54-9A1E7A4F7556}") = "WpfClient", "WpfClient\WpfClient.csproj", "{9A571A33-4999-40C0-9355-1C793EC37101}"
EndProject
Project("{9A19103F-16F7-4668-BE54-9A1E7A4F7556}") = "HostApp", "HostApp\HostApp.csproj", "{A8EC19AB-B51B-447D-BF05-B9952E9DFA1E}"
EndProject
Project("{9A19103F-16F7-4668-BE54-9A1E7A4F7556}") = "CrossesZeroes", "CrossesZeroes\CrossesZeroes.csproj", "{264DB206-3C05-4EC6-B051-FF59C2C44466}"
EndProject
Project("{9A19103F-16F7-4668-BE54-9A1E7A4F7556}") = "CrossesZeroes.Tests", "CrossesZeroes.Tests\CrossesZeroes.Tests.csproj", "{C59631D9-49E5-4A1B-AD93-F576466FFCE9}"
EndProject
Global
	GlobalSection(SolutionConfigurationPlatforms) = preSolution
		Debug|Any CPU = Debug|Any CPU
		Release|Any CPU = Release|Any CPU
	EndGlobalSection
	GlobalSection(ProjectConfigurationPlatforms) = postSolution
		{9A571A33-4999-40C0-9355-1C793EC37101}.Debug|Any CPU.ActiveCfg = Debug|Any CPU
		{9A571A33-4999-40C0-9355-1C793EC37101}.Debug|Any CPU.Build.0 = Debug|Any CPU
		{9A571A33-4999-40C0-9355-1C793EC37101}.Release|Any CPU.ActiveCfg = Release|Any CPU
		{9A571A33-4999-40C0-9355-1C793EC37101}.Release|Any CPU.Build.0 = Release|Any CPU
		{A8EC19AB-B51B-447D-BF05-B9952E9DFA1E}.Debug|Any CPU.ActiveCfg = Debug|Any CPU
		{A8EC19AB-B51B-447D-BF05-B9952E9DFA1E}.Debug|Any CPU.Build.0 = Debug|Any CPU
		{A8EC19AB-B51B-447D-BF05-B9952E9DFA1E}.Release|Any CPU.ActiveCfg = Release|Any CPU
		{A8EC19AB-B51B-447D-BF05-B9952E9DFA1E}.Release|Any CPU.Build.0 = Release|Any CPU
		{264DB206-3C05-4EC6-B051-FF59C2C44466}.Debug|Any CPU.ActiveCfg = Debug|Any CPU
		{264DB206-3C05-4EC6-B051-FF59C2C44466}.Debug|Any CPU.Build.0 = Debug|Any CPU
		{264DB206-3C05-4EC6-B051-FF59C2C44466}.Release|Any CPU.ActiveCfg = Release|Any CPU
		{264DB206-3C05-4EC6-B051-FF59C2C44466}.Release|Any CPU.Build.0 = Release|Any CPU
	EndGlobalSection
	GlobalSection(SolutionProperties) = preSolution
		HideSolutionNode = FALSE
	EndGlobalSection
	GlobalSection(ExtensibilityGlobals) = postSolution
		SolutionGuid = {77847107-FB8B-4DED-B722-A2A9EDA5BD1A}
	EndGlobalSection
EndGlobal
